// !$*UTF8*$!
{
	archiveVersion = 1;
	classes = {
	};
	objectVersion = 46;
	objects = {

/* Begin PBXBuildFile section */
		3C1CB44018EB716900906D25 /* Foundation.framework in Frameworks */ = {isa = PBXBuildFile; fileRef = 3C1CB43F18EB716900906D25 /* Foundation.framework */; };
		3C1CB44218EB716900906D25 /* CoreGraphics.framework in Frameworks */ = {isa = PBXBuildFile; fileRef = 3C1CB44118EB716900906D25 /* CoreGraphics.framework */; };
		3C1CB44418EB716900906D25 /* UIKit.framework in Frameworks */ = {isa = PBXBuildFile; fileRef = 3C1CB44318EB716900906D25 /* UIKit.framework */; };
		3C1CB44A18EB716900906D25 /* InfoPlist.strings in Resources */ = {isa = PBXBuildFile; fileRef = 3C1CB44818EB716900906D25 /* InfoPlist.strings */; };
		3C1CB44C18EB716900906D25 /* main.m in Sources */ = {isa = PBXBuildFile; fileRef = 3C1CB44B18EB716900906D25 /* main.m */; };
		3C1CB45018EB716900906D25 /* IDAppDelegate.m in Sources */ = {isa = PBXBuildFile; fileRef = 3C1CB44F18EB716900906D25 /* IDAppDelegate.m */; };
		3C1CB45318EB716900906D25 /* Main.storyboard in Resources */ = {isa = PBXBuildFile; fileRef = 3C1CB45118EB716900906D25 /* Main.storyboard */; };
		3C1CB45618EB716900906D25 /* IDViewController.m in Sources */ = {isa = PBXBuildFile; fileRef = 3C1CB45518EB716900906D25 /* IDViewController.m */; };
		3C1CB45818EB716900906D25 /* Images.xcassets in Resources */ = {isa = PBXBuildFile; fileRef = 3C1CB45718EB716900906D25 /* Images.xcassets */; };
		3C1CB45F18EB716900906D25 /* XCTest.framework in Frameworks */ = {isa = PBXBuildFile; fileRef = 3C1CB45E18EB716900906D25 /* XCTest.framework */; };
		3C1CB46018EB716900906D25 /* Foundation.framework in Frameworks */ = {isa = PBXBuildFile; fileRef = 3C1CB43F18EB716900906D25 /* Foundation.framework */; };
		3C1CB46118EB716900906D25 /* UIKit.framework in Frameworks */ = {isa = PBXBuildFile; fileRef = 3C1CB44318EB716900906D25 /* UIKit.framework */; };
		3C1CB46918EB716900906D25 /* InfoPlist.strings in Resources */ = {isa = PBXBuildFile; fileRef = 3C1CB46718EB716900906D25 /* InfoPlist.strings */; };
		3C1CB46B18EB716900906D25 /* IDAnalyticsDemoAppTests.m in Sources */ = {isa = PBXBuildFile; fileRef = 3C1CB46A18EB716900906D25 /* IDAnalyticsDemoAppTests.m */; };
		3C926B3A1924E3A80029EDD7 /* IDAnalyticsServiceLogger.m in Sources */ = {isa = PBXBuildFile; fileRef = 3C926B391924E3A80029EDD7 /* IDAnalyticsServiceLogger.m */; };
		3C9431A219224CB50095B602 /* IDAnalyticsScreenEvent.m in Sources */ = {isa = PBXBuildFile; fileRef = 3C9431A119224CB50095B602 /* IDAnalyticsScreenEvent.m */; };
		3CCE3BED18FA254D002ADFFA /* IDAnalyticsEvent+ThermostatEvents.m in Sources */ = {isa = PBXBuildFile; fileRef = 3CCE3BE718FA254D002ADFFA /* IDAnalyticsEvent+ThermostatEvents.m */; };
		3CCE3BEE18FA254D002ADFFA /* IDAnalyticsEvent.m in Sources */ = {isa = PBXBuildFile; fileRef = 3CCE3BEA18FA254D002ADFFA /* IDAnalyticsEvent.m */; };
		3CCE3BEF18FA254D002ADFFA /* IDAnalyticsMediator.m in Sources */ = {isa = PBXBuildFile; fileRef = 3CCE3BEC18FA254D002ADFFA /* IDAnalyticsMediator.m */; };
		3CCE3BF118FA2580002ADFFA /* IDAnalyticsEventTests.m in Sources */ = {isa = PBXBuildFile; fileRef = 3CCE3BF018FA2580002ADFFA /* IDAnalyticsEventTests.m */; };
/* End PBXBuildFile section */

/* Begin PBXContainerItemProxy section */
		3C1CB46218EB716900906D25 /* PBXContainerItemProxy */ = {
			isa = PBXContainerItemProxy;
			containerPortal = 3C1CB43418EB716900906D25 /* Project object */;
			proxyType = 1;
			remoteGlobalIDString = 3C1CB43B18EB716900906D25;
			remoteInfo = IDAnalyticsDemoApp;
		};
/* End PBXContainerItemProxy section */

/* Begin PBXFileReference section */
		3C1CB43C18EB716900906D25 /* IDAnalyticsDemoApp.app */ = {isa = PBXFileReference; explicitFileType = wrapper.application; includeInIndex = 0; path = IDAnalyticsDemoApp.app; sourceTree = BUILT_PRODUCTS_DIR; };
		3C1CB43F18EB716900906D25 /* Foundation.framework */ = {isa = PBXFileReference; lastKnownFileType = wrapper.framework; name = Foundation.framework; path = System/Library/Frameworks/Foundation.framework; sourceTree = SDKROOT; };
		3C1CB44118EB716900906D25 /* CoreGraphics.framework */ = {isa = PBXFileReference; lastKnownFileType = wrapper.framework; name = CoreGraphics.framework; path = System/Library/Frameworks/CoreGraphics.framework; sourceTree = SDKROOT; };
		3C1CB44318EB716900906D25 /* UIKit.framework */ = {isa = PBXFileReference; lastKnownFileType = wrapper.framework; name = UIKit.framework; path = System/Library/Frameworks/UIKit.framework; sourceTree = SDKROOT; };
		3C1CB44718EB716900906D25 /* IDAnalyticsDemoApp-Info.plist */ = {isa = PBXFileReference; lastKnownFileType = text.plist.xml; path = "IDAnalyticsDemoApp-Info.plist"; sourceTree = "<group>"; };
		3C1CB44918EB716900906D25 /* en */ = {isa = PBXFileReference; lastKnownFileType = text.plist.strings; name = en; path = en.lproj/InfoPlist.strings; sourceTree = "<group>"; };
		3C1CB44B18EB716900906D25 /* main.m */ = {isa = PBXFileReference; lastKnownFileType = sourcecode.c.objc; path = main.m; sourceTree = "<group>"; };
		3C1CB44D18EB716900906D25 /* IDAnalyticsDemoApp-Prefix.pch */ = {isa = PBXFileReference; lastKnownFileType = sourcecode.c.h; path = "IDAnalyticsDemoApp-Prefix.pch"; sourceTree = "<group>"; };
		3C1CB44E18EB716900906D25 /* IDAppDelegate.h */ = {isa = PBXFileReference; lastKnownFileType = sourcecode.c.h; path = IDAppDelegate.h; sourceTree = "<group>"; };
		3C1CB44F18EB716900906D25 /* IDAppDelegate.m */ = {isa = PBXFileReference; lastKnownFileType = sourcecode.c.objc; path = IDAppDelegate.m; sourceTree = "<group>"; };
		3C1CB45218EB716900906D25 /* Base */ = {isa = PBXFileReference; lastKnownFileType = file.storyboard; name = Base; path = Base.lproj/Main.storyboard; sourceTree = "<group>"; };
		3C1CB45418EB716900906D25 /* IDViewController.h */ = {isa = PBXFileReference; lastKnownFileType = sourcecode.c.h; path = IDViewController.h; sourceTree = "<group>"; };
		3C1CB45518EB716900906D25 /* IDViewController.m */ = {isa = PBXFileReference; lastKnownFileType = sourcecode.c.objc; path = IDViewController.m; sourceTree = "<group>"; };
		3C1CB45718EB716900906D25 /* Images.xcassets */ = {isa = PBXFileReference; lastKnownFileType = folder.assetcatalog; path = Images.xcassets; sourceTree = "<group>"; };
		3C1CB45D18EB716900906D25 /* IDAnalyticsDemoAppTests.xctest */ = {isa = PBXFileReference; explicitFileType = wrapper.cfbundle; includeInIndex = 0; path = IDAnalyticsDemoAppTests.xctest; sourceTree = BUILT_PRODUCTS_DIR; };
		3C1CB45E18EB716900906D25 /* XCTest.framework */ = {isa = PBXFileReference; lastKnownFileType = wrapper.framework; name = XCTest.framework; path = Library/Frameworks/XCTest.framework; sourceTree = DEVELOPER_DIR; };
		3C1CB46618EB716900906D25 /* IDAnalyticsDemoAppTests-Info.plist */ = {isa = PBXFileReference; lastKnownFileType = text.plist.xml; path = "IDAnalyticsDemoAppTests-Info.plist"; sourceTree = "<group>"; };
		3C1CB46818EB716900906D25 /* en */ = {isa = PBXFileReference; lastKnownFileType = text.plist.strings; name = en; path = en.lproj/InfoPlist.strings; sourceTree = "<group>"; };
		3C1CB46A18EB716900906D25 /* IDAnalyticsDemoAppTests.m */ = {isa = PBXFileReference; lastKnownFileType = sourcecode.c.objc; path = IDAnalyticsDemoAppTests.m; sourceTree = "<group>"; };
		3C1CB48618EB837000906D25 /* IDLogging.h */ = {isa = PBXFileReference; fileEncoding = 4; lastKnownFileType = sourcecode.c.h; name = IDLogging.h; path = Classes/Support/IDLogging.h; sourceTree = "<group>"; };
		3C7F4C2A19239FB7005C5FBF /* IDAnalyticsService.h */ = {isa = PBXFileReference; lastKnownFileType = sourcecode.c.h; path = IDAnalyticsService.h; sourceTree = "<group>"; };
		3C926B381924E3A80029EDD7 /* IDAnalyticsServiceLogger.h */ = {isa = PBXFileReference; fileEncoding = 4; lastKnownFileType = sourcecode.c.h; path = IDAnalyticsServiceLogger.h; sourceTree = "<group>"; };
		3C926B391924E3A80029EDD7 /* IDAnalyticsServiceLogger.m */ = {isa = PBXFileReference; fileEncoding = 4; lastKnownFileType = sourcecode.c.objc; path = IDAnalyticsServiceLogger.m; sourceTree = "<group>"; };
		3C9431A019224CB50095B602 /* IDAnalyticsScreenEvent.h */ = {isa = PBXFileReference; fileEncoding = 4; lastKnownFileType = sourcecode.c.h; path = IDAnalyticsScreenEvent.h; sourceTree = "<group>"; };
		3C9431A119224CB50095B602 /* IDAnalyticsScreenEvent.m */ = {isa = PBXFileReference; fileEncoding = 4; lastKnownFileType = sourcecode.c.objc; path = IDAnalyticsScreenEvent.m; sourceTree = "<group>"; };
		3CCE3BE618FA254D002ADFFA /* IDAnalyticsEvent+ThermostatEvents.h */ = {isa = PBXFileReference; fileEncoding = 4; lastKnownFileType = sourcecode.c.h; path = "IDAnalyticsEvent+ThermostatEvents.h"; sourceTree = "<group>"; };
		3CCE3BE718FA254D002ADFFA /* IDAnalyticsEvent+ThermostatEvents.m */ = {isa = PBXFileReference; fileEncoding = 4; lastKnownFileType = sourcecode.c.objc; path = "IDAnalyticsEvent+ThermostatEvents.m"; sourceTree = "<group>"; };
		3CCE3BE818FA254D002ADFFA /* IDAnalyticsEvent+Protected.h */ = {isa = PBXFileReference; fileEncoding = 4; lastKnownFileType = sourcecode.c.h; path = "IDAnalyticsEvent+Protected.h"; sourceTree = "<group>"; };
		3CCE3BE918FA254D002ADFFA /* IDAnalyticsEvent.h */ = {isa = PBXFileReference; fileEncoding = 4; lastKnownFileType = sourcecode.c.h; path = IDAnalyticsEvent.h; sourceTree = "<group>"; };
		3CCE3BEA18FA254D002ADFFA /* IDAnalyticsEvent.m */ = {isa = PBXFileReference; fileEncoding = 4; lastKnownFileType = sourcecode.c.objc; path = IDAnalyticsEvent.m; sourceTree = "<group>"; };
		3CCE3BEB18FA254D002ADFFA /* IDAnalyticsManager.h */ = {isa = PBXFileReference; fileEncoding = 4; lastKnownFileType = sourcecode.c.h; path = IDAnalyticsManager.h; sourceTree = "<group>"; };
		3CCE3BEC18FA254D002ADFFA /* IDAnalyticsManager.m */ = {isa = PBXFileReference; fileEncoding = 4; lastKnownFileType = sourcecode.c.objc; path = IDAnalyticsManager.m; sourceTree = "<group>"; };
		3CCE3BF018FA2580002ADFFA /* IDAnalyticsEventTests.m */ = {isa = PBXFileReference; fileEncoding = 4; lastKnownFileType = sourcecode.c.objc; name = IDAnalyticsEventTests.m; path = Analytics/IDAnalyticsEventTests.m; sourceTree = "<group>"; tabWidth = 4; };
/* End PBXFileReference section */

/* Begin PBXFrameworksBuildPhase section */
		3C1CB43918EB716900906D25 /* Frameworks */ = {
			isa = PBXFrameworksBuildPhase;
			buildActionMask = 2147483647;
			files = (
				3C1CB44218EB716900906D25 /* CoreGraphics.framework in Frameworks */,
				3C1CB44418EB716900906D25 /* UIKit.framework in Frameworks */,
				3C1CB44018EB716900906D25 /* Foundation.framework in Frameworks */,
			);
			runOnlyForDeploymentPostprocessing = 0;
		};
		3C1CB45A18EB716900906D25 /* Frameworks */ = {
			isa = PBXFrameworksBuildPhase;
			buildActionMask = 2147483647;
			files = (
				3C1CB45F18EB716900906D25 /* XCTest.framework in Frameworks */,
				3C1CB46118EB716900906D25 /* UIKit.framework in Frameworks */,
				3C1CB46018EB716900906D25 /* Foundation.framework in Frameworks */,
			);
			runOnlyForDeploymentPostprocessing = 0;
		};
/* End PBXFrameworksBuildPhase section */

/* Begin PBXGroup section */
		3C1CB43318EB716900906D25 = {
			isa = PBXGroup;
			children = (
				3C1CB44518EB716900906D25 /* IDAnalyticsDemoApp */,
				3C1CB46418EB716900906D25 /* IDAnalyticsDemoAppTests */,
				3C1CB43E18EB716900906D25 /* Frameworks */,
				3C1CB43D18EB716900906D25 /* Products */,
			);
			indentWidth = 4;
			sourceTree = "<group>";
			tabWidth = 4;
		};
		3C1CB43D18EB716900906D25 /* Products */ = {
			isa = PBXGroup;
			children = (
				3C1CB43C18EB716900906D25 /* IDAnalyticsDemoApp.app */,
				3C1CB45D18EB716900906D25 /* IDAnalyticsDemoAppTests.xctest */,
			);
			name = Products;
			sourceTree = "<group>";
		};
		3C1CB43E18EB716900906D25 /* Frameworks */ = {
			isa = PBXGroup;
			children = (
				3C1CB43F18EB716900906D25 /* Foundation.framework */,
				3C1CB44118EB716900906D25 /* CoreGraphics.framework */,
				3C1CB44318EB716900906D25 /* UIKit.framework */,
				3C1CB45E18EB716900906D25 /* XCTest.framework */,
			);
			name = Frameworks;
			sourceTree = "<group>";
		};
		3C1CB44518EB716900906D25 /* IDAnalyticsDemoApp */ = {
			isa = PBXGroup;
			children = (
				3CCE3BE418FA254D002ADFFA /* Analytics */,
				3C1CB48318EB831400906D25 /* Support */,
				3C1CB44E18EB716900906D25 /* IDAppDelegate.h */,
				3C1CB44F18EB716900906D25 /* IDAppDelegate.m */,
				3C1CB45118EB716900906D25 /* Main.storyboard */,
				3C1CB45418EB716900906D25 /* IDViewController.h */,
				3C1CB45518EB716900906D25 /* IDViewController.m */,
				3C1CB45718EB716900906D25 /* Images.xcassets */,
				3C1CB44618EB716900906D25 /* Supporting Files */,
			);
			path = IDAnalyticsDemoApp;
			sourceTree = "<group>";
		};
		3C1CB44618EB716900906D25 /* Supporting Files */ = {
			isa = PBXGroup;
			children = (
				3C1CB44718EB716900906D25 /* IDAnalyticsDemoApp-Info.plist */,
				3C1CB44818EB716900906D25 /* InfoPlist.strings */,
				3C1CB44B18EB716900906D25 /* main.m */,
				3C1CB44D18EB716900906D25 /* IDAnalyticsDemoApp-Prefix.pch */,
			);
			name = "Supporting Files";
			sourceTree = "<group>";
		};
		3C1CB46418EB716900906D25 /* IDAnalyticsDemoAppTests */ = {
			isa = PBXGroup;
			children = (
				3CCE3BF218FA2592002ADFFA /* Analytics */,
				3C1CB46A18EB716900906D25 /* IDAnalyticsDemoAppTests.m */,
				3C1CB46518EB716900906D25 /* Supporting Files */,
			);
			path = IDAnalyticsDemoAppTests;
			sourceTree = "<group>";
		};
		3C1CB46518EB716900906D25 /* Supporting Files */ = {
			isa = PBXGroup;
			children = (
				3C1CB46618EB716900906D25 /* IDAnalyticsDemoAppTests-Info.plist */,
				3C1CB46718EB716900906D25 /* InfoPlist.strings */,
			);
			name = "Supporting Files";
			sourceTree = "<group>";
		};
		3C1CB48318EB831400906D25 /* Support */ = {
			isa = PBXGroup;
			children = (
				3C1CB48618EB837000906D25 /* IDLogging.h */,
			);
			name = Support;
			sourceTree = "<group>";
		};
		3CCE3BE418FA254D002ADFFA /* Analytics */ = {
			isa = PBXGroup;
			children = (
				3CCE3BE518FA254D002ADFFA /* Customization */,
				3CCE3BE818FA254D002ADFFA /* IDAnalyticsEvent+Protected.h */,
				3CCE3BE918FA254D002ADFFA /* IDAnalyticsEvent.h */,
				3CCE3BEA18FA254D002ADFFA /* IDAnalyticsEvent.m */,
				3CCE3BEB18FA254D002ADFFA /* IDAnalyticsManager.h */,
				3CCE3BEC18FA254D002ADFFA /* IDAnalyticsManager.m */,
				3C9431A019224CB50095B602 /* IDAnalyticsScreenEvent.h */,
				3C9431A119224CB50095B602 /* IDAnalyticsScreenEvent.m */,
				3C7F4C2A19239FB7005C5FBF /* IDAnalyticsService.h */,
				3C926B381924E3A80029EDD7 /* IDAnalyticsServiceLogger.h */,
				3C926B391924E3A80029EDD7 /* IDAnalyticsServiceLogger.m */,
			);
			name = Analytics;
			path = Classes/Analytics;
			sourceTree = "<group>";
		};
		3CCE3BE518FA254D002ADFFA /* Customization */ = {
			isa = PBXGroup;
			children = (
				3CCE3BE618FA254D002ADFFA /* IDAnalyticsEvent+ThermostatEvents.h */,
				3CCE3BE718FA254D002ADFFA /* IDAnalyticsEvent+ThermostatEvents.m */,
			);
			path = Customization;
			sourceTree = "<group>";
		};
		3CCE3BF218FA2592002ADFFA /* Analytics */ = {
			isa = PBXGroup;
			children = (
				3CCE3BF018FA2580002ADFFA /* IDAnalyticsEventTests.m */,
			);
			name = Analytics;
			sourceTree = "<group>";
		};
/* End PBXGroup section */

/* Begin PBXNativeTarget section */
		3C1CB43B18EB716900906D25 /* IDAnalyticsDemoApp */ = {
			isa = PBXNativeTarget;
			buildConfigurationList = 3C1CB46E18EB716900906D25 /* Build configuration list for PBXNativeTarget "IDAnalyticsDemoApp" */;
			buildPhases = (
				3C1CB43818EB716900906D25 /* Sources */,
				3C1CB43918EB716900906D25 /* Frameworks */,
				3C1CB43A18EB716900906D25 /* Resources */,
			);
			buildRules = (
			);
			dependencies = (
			);
			name = IDAnalyticsDemoApp;
			productName = IDAnalyticsDemoApp;
			productReference = 3C1CB43C18EB716900906D25 /* IDAnalyticsDemoApp.app */;
			productType = "com.apple.product-type.application";
		};
		3C1CB45C18EB716900906D25 /* IDAnalyticsDemoAppTests */ = {
			isa = PBXNativeTarget;
			buildConfigurationList = 3C1CB47118EB716900906D25 /* Build configuration list for PBXNativeTarget "IDAnalyticsDemoAppTests" */;
			buildPhases = (
				3C1CB45918EB716900906D25 /* Sources */,
				3C1CB45A18EB716900906D25 /* Frameworks */,
				3C1CB45B18EB716900906D25 /* Resources */,
			);
			buildRules = (
			);
			dependencies = (
				3C1CB46318EB716900906D25 /* PBXTargetDependency */,
			);
			name = IDAnalyticsDemoAppTests;
			productName = IDAnalyticsDemoAppTests;
			productReference = 3C1CB45D18EB716900906D25 /* IDAnalyticsDemoAppTests.xctest */;
			productType = "com.apple.product-type.bundle.unit-test";
		};
/* End PBXNativeTarget section */

/* Begin PBXProject section */
		3C1CB43418EB716900906D25 /* Project object */ = {
			isa = PBXProject;
			attributes = {
				CLASSPREFIX = ID;
				LastUpgradeCheck = 0510;
				ORGANIZATIONNAME = "Ian Paterson";
				TargetAttributes = {
					3C1CB45C18EB716900906D25 = {
						TestTargetID = 3C1CB43B18EB716900906D25;
					};
				};
			};
			buildConfigurationList = 3C1CB43718EB716900906D25 /* Build configuration list for PBXProject "IDAnalyticsDemoApp" */;
			compatibilityVersion = "Xcode 3.2";
			developmentRegion = English;
			hasScannedForEncodings = 0;
			knownRegions = (
				en,
				Base,
			);
			mainGroup = 3C1CB43318EB716900906D25;
			productRefGroup = 3C1CB43D18EB716900906D25 /* Products */;
			projectDirPath = "";
			projectRoot = "";
			targets = (
				3C1CB43B18EB716900906D25 /* IDAnalyticsDemoApp */,
				3C1CB45C18EB716900906D25 /* IDAnalyticsDemoAppTests */,
			);
		};
/* End PBXProject section */

/* Begin PBXResourcesBuildPhase section */
		3C1CB43A18EB716900906D25 /* Resources */ = {
			isa = PBXResourcesBuildPhase;
			buildActionMask = 2147483647;
			files = (
				3C1CB45818EB716900906D25 /* Images.xcassets in Resources */,
				3C1CB44A18EB716900906D25 /* InfoPlist.strings in Resources */,
				3C1CB45318EB716900906D25 /* Main.storyboard in Resources */,
			);
			runOnlyForDeploymentPostprocessing = 0;
		};
		3C1CB45B18EB716900906D25 /* Resources */ = {
			isa = PBXResourcesBuildPhase;
			buildActionMask = 2147483647;
			files = (
				3C1CB46918EB716900906D25 /* InfoPlist.strings in Resources */,
			);
			runOnlyForDeploymentPostprocessing = 0;
		};
/* End PBXResourcesBuildPhase section */

/* Begin PBXSourcesBuildPhase section */
		3C1CB43818EB716900906D25 /* Sources */ = {
			isa = PBXSourcesBuildPhase;
			buildActionMask = 2147483647;
			files = (
				3CCE3BED18FA254D002ADFFA /* IDAnalyticsEvent+ThermostatEvents.m in Sources */,
				3C1CB44C18EB716900906D25 /* main.m in Sources */,
				3C1CB45018EB716900906D25 /* IDAppDelegate.m in Sources */,
				3CCE3BEF18FA254D002ADFFA /* IDAnalyticsManager.m in Sources */,
				3C9431A219224CB50095B602 /* IDAnalyticsScreenEvent.m in Sources */,
				3C926B3A1924E3A80029EDD7 /* IDAnalyticsServiceLogger.m in Sources */,
				3CCE3BEE18FA254D002ADFFA /* IDAnalyticsEvent.m in Sources */,
				3C1CB45618EB716900906D25 /* IDViewController.m in Sources */,
			);
			runOnlyForDeploymentPostprocessing = 0;
		};
		3C1CB45918EB716900906D25 /* Sources */ = {
			isa = PBXSourcesBuildPhase;
			buildActionMask = 2147483647;
			files = (
				3CCE3BF118FA2580002ADFFA /* IDAnalyticsEventTests.m in Sources */,
				3C1CB46B18EB716900906D25 /* IDAnalyticsDemoAppTests.m in Sources */,
			);
			runOnlyForDeploymentPostprocessing = 0;
		};
/* End PBXSourcesBuildPhase section */

/* Begin PBXTargetDependency section */
		3C1CB46318EB716900906D25 /* PBXTargetDependency */ = {
			isa = PBXTargetDependency;
			target = 3C1CB43B18EB716900906D25 /* IDAnalyticsDemoApp */;
			targetProxy = 3C1CB46218EB716900906D25 /* PBXContainerItemProxy */;
		};
/* End PBXTargetDependency section */

/* Begin PBXVariantGroup section */
		3C1CB44818EB716900906D25 /* InfoPlist.strings */ = {
			isa = PBXVariantGroup;
			children = (
				3C1CB44918EB716900906D25 /* en */,
			);
			name = InfoPlist.strings;
			sourceTree = "<group>";
		};
		3C1CB45118EB716900906D25 /* Main.storyboard */ = {
			isa = PBXVariantGroup;
			children = (
				3C1CB45218EB716900906D25 /* Base */,
			);
			name = Main.storyboard;
			sourceTree = "<group>";
		};
		3C1CB46718EB716900906D25 /* InfoPlist.strings */ = {
			isa = PBXVariantGroup;
			children = (
				3C1CB46818EB716900906D25 /* en */,
			);
			name = InfoPlist.strings;
			sourceTree = "<group>";
		};
/* End PBXVariantGroup section */

/* Begin XCBuildConfiguration section */
		3C1CB46C18EB716900906D25 /* Debug */ = {
			isa = XCBuildConfiguration;
			buildSettings = {
				ALWAYS_SEARCH_USER_PATHS = NO;
				CLANG_CXX_LANGUAGE_STANDARD = "gnu++0x";
				CLANG_CXX_LIBRARY = "libc++";
				CLANG_ENABLE_MODULES = YES;
				CLANG_ENABLE_OBJC_ARC = YES;
				CLANG_WARN_BOOL_CONVERSION = YES;
				CLANG_WARN_CONSTANT_CONVERSION = YES;
				CLANG_WARN_DIRECT_OBJC_ISA_USAGE = YES_ERROR;
				CLANG_WARN_EMPTY_BODY = YES;
				CLANG_WARN_ENUM_CONVERSION = YES;
				CLANG_WARN_INT_CONVERSION = YES;
				CLANG_WARN_OBJC_ROOT_CLASS = YES_ERROR;
				CLANG_WARN__DUPLICATE_METHOD_MATCH = YES;
				"CODE_SIGN_IDENTITY[sdk=iphoneos*]" = "iPhone Developer";
				COPY_PHASE_STRIP = NO;
				GCC_C_LANGUAGE_STANDARD = gnu99;
				GCC_DYNAMIC_NO_PIC = NO;
				GCC_OPTIMIZATION_LEVEL = 0;
				GCC_PREPROCESSOR_DEFINITIONS = (
					"DEBUG=1",
					"$(inherited)",
				);
				GCC_SYMBOLS_PRIVATE_EXTERN = NO;
				GCC_WARN_64_TO_32_BIT_CONVERSION = YES;
				GCC_WARN_ABOUT_RETURN_TYPE = YES_ERROR;
				GCC_WARN_UNDECLARED_SELECTOR = YES;
				GCC_WARN_UNINITIALIZED_AUTOS = YES_AGGRESSIVE;
				GCC_WARN_UNUSED_FUNCTION = YES;
				GCC_WARN_UNUSED_VARIABLE = YES;
				IPHONEOS_DEPLOYMENT_TARGET = 7.1;
				ONLY_ACTIVE_ARCH = YES;
				SDKROOT = iphoneos;
			};
			name = Debug;
		};
		3C1CB46D18EB716900906D25 /* Release */ = {
			isa = XCBuildConfiguration;
			buildSettings = {
				ALWAYS_SEARCH_USER_PATHS = NO;
				CLANG_CXX_LANGUAGE_STANDARD = "gnu++0x";
				CLANG_CXX_LIBRARY = "libc++";
				CLANG_ENABLE_MODULES = YES;
				CLANG_ENABLE_OBJC_ARC = YES;
				CLANG_WARN_BOOL_CONVERSION = YES;
				CLANG_WARN_CONSTANT_CONVERSION = YES;
				CLANG_WARN_DIRECT_OBJC_ISA_USAGE = YES_ERROR;
				CLANG_WARN_EMPTY_BODY = YES;
				CLANG_WARN_ENUM_CONVERSION = YES;
				CLANG_WARN_INT_CONVERSION = YES;
				CLANG_WARN_OBJC_ROOT_CLASS = YES_ERROR;
				CLANG_WARN__DUPLICATE_METHOD_MATCH = YES;
				"CODE_SIGN_IDENTITY[sdk=iphoneos*]" = "iPhone Developer";
				COPY_PHASE_STRIP = YES;
				ENABLE_NS_ASSERTIONS = NO;
				GCC_C_LANGUAGE_STANDARD = gnu99;
				GCC_WARN_64_TO_32_BIT_CONVERSION = YES;
				GCC_WARN_ABOUT_RETURN_TYPE = YES_ERROR;
				GCC_WARN_UNDECLARED_SELECTOR = YES;
				GCC_WARN_UNINITIALIZED_AUTOS = YES_AGGRESSIVE;
				GCC_WARN_UNUSED_FUNCTION = YES;
				GCC_WARN_UNUSED_VARIABLE = YES;
				IPHONEOS_DEPLOYMENT_TARGET = 7.1;
				SDKROOT = iphoneos;
				VALIDATE_PRODUCT = YES;
			};
			name = Release;
		};
		3C1CB46F18EB716900906D25 /* Debug */ = {
			isa = XCBuildConfiguration;
			buildSettings = {
				ASSETCATALOG_COMPILER_APPICON_NAME = AppIcon;
				ASSETCATALOG_COMPILER_LAUNCHIMAGE_NAME = LaunchImage;
				GCC_PRECOMPILE_PREFIX_HEADER = YES;
				GCC_PREFIX_HEADER = "IDAnalyticsDemoApp/IDAnalyticsDemoApp-Prefix.pch";
				INFOPLIST_FILE = "IDAnalyticsDemoApp/IDAnalyticsDemoApp-Info.plist";
				PRODUCT_NAME = "$(TARGET_NAME)";
				WRAPPER_EXTENSION = app;
			};
			name = Debug;
		};
		3C1CB47018EB716900906D25 /* Release */ = {
			isa = XCBuildConfiguration;
			buildSettings = {
				ASSETCATALOG_COMPILER_APPICON_NAME = AppIcon;
				ASSETCATALOG_COMPILER_LAUNCHIMAGE_NAME = LaunchImage;
				GCC_PRECOMPILE_PREFIX_HEADER = YES;
				GCC_PREFIX_HEADER = "IDAnalyticsDemoApp/IDAnalyticsDemoApp-Prefix.pch";
				INFOPLIST_FILE = "IDAnalyticsDemoApp/IDAnalyticsDemoApp-Info.plist";
				PRODUCT_NAME = "$(TARGET_NAME)";
				WRAPPER_EXTENSION = app;
			};
			name = Release;
		};
		3C1CB47218EB716900906D25 /* Debug */ = {
			isa = XCBuildConfiguration;
			buildSettings = {
				BUNDLE_LOADER = "$(BUILT_PRODUCTS_DIR)/IDAnalyticsDemoApp.app/IDAnalyticsDemoApp";
				FRAMEWORK_SEARCH_PATHS = (
					"$(SDKROOT)/Developer/Library/Frameworks",
					"$(inherited)",
					"$(DEVELOPER_FRAMEWORKS_DIR)",
				);
				GCC_PRECOMPILE_PREFIX_HEADER = YES;
				GCC_PREFIX_HEADER = "IDAnalyticsDemoApp/IDAnalyticsDemoApp-Prefix.pch";
				GCC_PREPROCESSOR_DEFINITIONS = (
					"DEBUG=1",
					"$(inherited)",
				);
				INFOPLIST_FILE = "IDAnalyticsDemoAppTests/IDAnalyticsDemoAppTests-Info.plist";
				PRODUCT_NAME = "$(TARGET_NAME)";
				TEST_HOST = "$(BUNDLE_LOADER)";
				WRAPPER_EXTENSION = xctest;
			};
			name = Debug;
		};
		3C1CB47318EB716900906D25 /* Release */ = {
			isa = XCBuildConfiguration;
			buildSettings = {
				BUNDLE_LOADER = "$(BUILT_PRODUCTS_DIR)/IDAnalyticsDemoApp.app/IDAnalyticsDemoApp";
				FRAMEWORK_SEARCH_PATHS = (
					"$(SDKROOT)/Developer/Library/Frameworks",
					"$(inherited)",
					"$(DEVELOPER_FRAMEWORKS_DIR)",
				);
				GCC_PRECOMPILE_PREFIX_HEADER = YES;
				GCC_PREFIX_HEADER = "IDAnalyticsDemoApp/IDAnalyticsDemoApp-Prefix.pch";
				INFOPLIST_FILE = "IDAnalyticsDemoAppTests/IDAnalyticsDemoAppTests-Info.plist";
				PRODUCT_NAME = "$(TARGET_NAME)";
				TEST_HOST = "$(BUNDLE_LOADER)";
				WRAPPER_EXTENSION = xctest;
			};
			name = Release;
		};
/* End XCBuildConfiguration section */

/* Begin XCConfigurationList section */
		3C1CB43718EB716900906D25 /* Build configuration list for PBXProject "IDAnalyticsDemoApp" */ = {
			isa = XCConfigurationList;
			buildConfigurations = (
				3C1CB46C18EB716900906D25 /* Debug */,
				3C1CB46D18EB716900906D25 /* Release */,
			);
			defaultConfigurationIsVisible = 0;
			defaultConfigurationName = Release;
		};
		3C1CB46E18EB716900906D25 /* Build configuration list for PBXNativeTarget "IDAnalyticsDemoApp" */ = {
			isa = XCConfigurationList;
			buildConfigurations = (
				3C1CB46F18EB716900906D25 /* Debug */,
				3C1CB47018EB716900906D25 /* Release */,
			);
			defaultConfigurationIsVisible = 0;
			defaultConfigurationName = Release;
		};
		3C1CB47118EB716900906D25 /* Build configuration list for PBXNativeTarget "IDAnalyticsDemoAppTests" */ = {
			isa = XCConfigurationList;
			buildConfigurations = (
				3C1CB47218EB716900906D25 /* Debug */,
				3C1CB47318EB716900906D25 /* Release */,
			);
			defaultConfigurationIsVisible = 0;
			defaultConfigurationName = Release;
		};
/* End XCConfigurationList section */
	};
	rootObject = 3C1CB43418EB716900906D25 /* Project object */;
}
